
Microsoft Visual Studio Solution File, Format Version 12.00
# Visual Studio Version 16
VisualStudioVersion = 16.0.32002.261
MinimumVisualStudioVersion = 10.0.40219.1
Project("{FAE04EC0-301F-11D3-BF4B-00C04F79EFBC}") = "AbstractFactoryDomain", "AbstractFactoryDomain\AbstractFactoryDomain.csproj", "{7A81432D-9929-4610-B967-9BEFFEDD1F08}"
EndProject
Project("{FAE04EC0-301F-11D3-BF4B-00C04F79EFBC}") = "AbstractFactoryConsole", "AbstractFactoryConsole\AbstractFactoryConsole.csproj", "{09E8B0E4-4BF2-404A-9D14-2901EF7AE16A}"
EndProject
Project("{FAE04EC0-301F-11D3-BF4B-00C04F79EFBC}") = "AbstractFactoryContracts", "AbstractFactoryContracts\AbstractFactoryContracts.csproj", "{F41C5DEF-7DCC-4A9A-81D2-98DDABA25914}"
EndProject
Project("{FAE04EC0-301F-11D3-BF4B-00C04F79EFBC}") = "FurnitureConsole", "FurnitureConsole\FurnitureConsole.csproj", "{4D1B6DDB-941B-4C5F-A027-AC388733451F}"
EndProject
Project("{FAE04EC0-301F-11D3-BF4B-00C04F79EFBC}") = "FurnitureDomain", "FurnitureDomain\FurnitureDomain.csproj", "{B942EF16-C83E-434A-B37B-B8F9E8D1EAF8}"
EndProject
Global
	GlobalSection(SolutionConfigurationPlatforms) = preSolution
		Debug|Any CPU = Debug|Any CPU
		Release|Any CPU = Release|Any CPU
	EndGlobalSection
	GlobalSection(ProjectConfigurationPlatforms) = postSolution
		{7A81432D-9929-4610-B967-9BEFFEDD1F08}.Debug|Any CPU.ActiveCfg = Debug|Any CPU
		{7A81432D-9929-4610-B967-9BEFFEDD1F08}.Debug|Any CPU.Build.0 = Debug|Any CPU
		{7A81432D-9929-4610-B967-9BEFFEDD1F08}.Release|Any CPU.ActiveCfg = Release|Any CPU
		{7A81432D-9929-4610-B967-9BEFFEDD1F08}.Release|Any CPU.Build.0 = Release|Any CPU
		{09E8B0E4-4BF2-404A-9D14-2901EF7AE16A}.Debug|Any CPU.ActiveCfg = Debug|Any CPU
		{09E8B0E4-4BF2-404A-9D14-2901EF7AE16A}.Debug|Any CPU.Build.0 = Debug|Any CPU
		{09E8B0E4-4BF2-404A-9D14-2901EF7AE16A}.Release|Any CPU.ActiveCfg = Release|Any CPU
		{09E8B0E4-4BF2-404A-9D14-2901EF7AE16A}.Release|Any CPU.Build.0 = Release|Any CPU
		{F41C5DEF-7DCC-4A9A-81D2-98DDABA25914}.Debug|Any CPU.ActiveCfg = Debug|Any CPU
		{F41C5DEF-7DCC-4A9A-81D2-98DDABA25914}.Debug|Any CPU.Build.0 = Debug|Any CPU
		{F41C5DEF-7DCC-4A9A-81D2-98DDABA25914}.Release|Any CPU.ActiveCfg = Release|Any CPU
		{F41C5DEF-7DCC-4A9A-81D2-98DDABA25914}.Release|Any CPU.Build.0 = Release|Any CPU
		{4D1B6DDB-941B-4C5F-A027-AC388733451F}.Debug|Any CPU.ActiveCfg = Debug|Any CPU
		{4D1B6DDB-941B-4C5F-A027-AC388733451F}.Debug|Any CPU.Build.0 = Debug|Any CPU
		{4D1B6DDB-941B-4C5F-A027-AC388733451F}.Release|Any CPU.ActiveCfg = Release|Any CPU
		{4D1B6DDB-941B-4C5F-A027-AC388733451F}.Release|Any CPU.Build.0 = Release|Any CPU
		{B942EF16-C83E-434A-B37B-B8F9E8D1EAF8}.Debug|Any CPU.ActiveCfg = Debug|Any CPU
		{B942EF16-C83E-434A-B37B-B8F9E8D1EAF8}.Debug|Any CPU.Build.0 = Debug|Any CPU
		{B942EF16-C83E-434A-B37B-B8F9E8D1EAF8}.Release|Any CPU.ActiveCfg = Release|Any CPU
		{B942EF16-C83E-434A-B37B-B8F9E8D1EAF8}.Release|Any CPU.Build.0 = Release|Any CPU
	EndGlobalSection
	GlobalSection(SolutionProperties) = preSolution
		HideSolutionNode = FALSE
	EndGlobalSection
	GlobalSection(ExtensibilityGlobals) = postSolution
		SolutionGuid = {CB5D1453-C046-480F-8813-6408CAB32B37}
	EndGlobalSection
EndGlobal
